
Microsoft Visual Studio Solution File, Format Version 12.00
# Visual Studio Version 16
VisualStudioVersion = 16.0.30611.23
MinimumVisualStudioVersion = 10.0.40219.1
Project("{FAE04EC0-301F-11D3-BF4B-00C04F79EFBC}") = "NorthWind.DataAccess", "NorthWind.DataAccess\NorthWind.DataAccess.csproj", "{5F5061B7-34B3-4C9F-A85D-06843ACA3213}"
EndProject
Project("{FAE04EC0-301F-11D3-BF4B-00C04F79EFBC}") = "NorthWind.Business", "NorthWind.Business\NorthWind.Business.csproj", "{89639F4C-53E9-4260-9DBA-D38A8853FDB6}"
EndProject
Project("{FAE04EC0-301F-11D3-BF4B-00C04F79EFBC}") = "NorthWind.Entities", "NorthWind.Entities\NorthWind.Entities.csproj", "{1D184D2A-E284-4BD1-B0E1-7482C5ED799A}"
EndProject
Project("{FAE04EC0-301F-11D3-BF4B-00C04F79EFBC}") = "NorthWind.WebFormsUI", "NorthWind.WebFormsUI\NorthWind.WebFormsUI.csproj", "{53E1EA5E-3FFA-4A89-9FCA-E56F9D34FB0B}"
EndProject
Global
	GlobalSection(SolutionConfigurationPlatforms) = preSolution
		Debug|Any CPU = Debug|Any CPU
		Release|Any CPU = Release|Any CPU
	EndGlobalSection
	GlobalSection(ProjectConfigurationPlatforms) = postSolution
		{5F5061B7-34B3-4C9F-A85D-06843ACA3213}.Debug|Any CPU.ActiveCfg = Debug|Any CPU
		{5F5061B7-34B3-4C9F-A85D-06843ACA3213}.Debug|Any CPU.Build.0 = Debug|Any CPU
		{5F5061B7-34B3-4C9F-A85D-06843ACA3213}.Release|Any CPU.ActiveCfg = Release|Any CPU
		{5F5061B7-34B3-4C9F-A85D-06843ACA3213}.Release|Any CPU.Build.0 = Release|Any CPU
		{89639F4C-53E9-4260-9DBA-D38A8853FDB6}.Debug|Any CPU.ActiveCfg = Debug|Any CPU
		{89639F4C-53E9-4260-9DBA-D38A8853FDB6}.Debug|Any CPU.Build.0 = Debug|Any CPU
		{89639F4C-53E9-4260-9DBA-D38A8853FDB6}.Release|Any CPU.ActiveCfg = Release|Any CPU
		{89639F4C-53E9-4260-9DBA-D38A8853FDB6}.Release|Any CPU.Build.0 = Release|Any CPU
		{1D184D2A-E284-4BD1-B0E1-7482C5ED799A}.Debug|Any CPU.ActiveCfg = Debug|Any CPU
		{1D184D2A-E284-4BD1-B0E1-7482C5ED799A}.Debug|Any CPU.Build.0 = Debug|Any CPU
		{1D184D2A-E284-4BD1-B0E1-7482C5ED799A}.Release|Any CPU.ActiveCfg = Release|Any CPU
		{1D184D2A-E284-4BD1-B0E1-7482C5ED799A}.Release|Any CPU.Build.0 = Release|Any CPU
		{53E1EA5E-3FFA-4A89-9FCA-E56F9D34FB0B}.Debug|Any CPU.ActiveCfg = Debug|Any CPU
		{53E1EA5E-3FFA-4A89-9FCA-E56F9D34FB0B}.Debug|Any CPU.Build.0 = Debug|Any CPU
		{53E1EA5E-3FFA-4A89-9FCA-E56F9D34FB0B}.Release|Any CPU.ActiveCfg = Release|Any CPU
		{53E1EA5E-3FFA-4A89-9FCA-E56F9D34FB0B}.Release|Any CPU.Build.0 = Release|Any CPU
	EndGlobalSection
	GlobalSection(SolutionProperties) = preSolution
		HideSolutionNode = FALSE
	EndGlobalSection
	GlobalSection(ExtensibilityGlobals) = postSolution
		SolutionGuid = {263A0F12-C3EA-4884-B43F-025D030BA368}
	EndGlobalSection
EndGlobal
